
Microsoft Visual Studio Solution File, Format Version 12.00
Project("{2150E333-8FDC-42A3-9474-1A3956D46DE8}") = "src", "src", "{9372773D-3D23-4230-9A21-9E815157A0C9}"
EndProject
Project("{F2A71F9B-5D33-465A-A702-920D77279786}") = "PhraseFinder.Core", "src\PhraseFinder.Core\PhraseFinder.Core.fsproj", "{F75CBB1D-94AF-4AC3-AEB3-52966D00FE41}"
EndProject
Project("{FAE04EC0-301F-11D3-BF4B-00C04F79EFBC}") = "PhraseFinder.App", "src\PhraseFinder.App\PhraseFinder.App.csproj", "{86F82E88-4C25-43A7-969E-F979163A96F2}"
EndProject
Global
	GlobalSection(SolutionConfigurationPlatforms) = preSolution
		Debug|Any CPU = Debug|Any CPU
		Release|Any CPU = Release|Any CPU
	EndGlobalSection
	GlobalSection(ProjectConfigurationPlatforms) = postSolution
		{F75CBB1D-94AF-4AC3-AEB3-52966D00FE41}.Debug|Any CPU.ActiveCfg = Debug|Any CPU
		{F75CBB1D-94AF-4AC3-AEB3-52966D00FE41}.Debug|Any CPU.Build.0 = Debug|Any CPU
		{F75CBB1D-94AF-4AC3-AEB3-52966D00FE41}.Release|Any CPU.ActiveCfg = Release|Any CPU
		{F75CBB1D-94AF-4AC3-AEB3-52966D00FE41}.Release|Any CPU.Build.0 = Release|Any CPU
		{86F82E88-4C25-43A7-969E-F979163A96F2}.Debug|Any CPU.ActiveCfg = Debug|Any CPU
		{86F82E88-4C25-43A7-969E-F979163A96F2}.Debug|Any CPU.Build.0 = Debug|Any CPU
		{86F82E88-4C25-43A7-969E-F979163A96F2}.Release|Any CPU.ActiveCfg = Release|Any CPU
		{86F82E88-4C25-43A7-969E-F979163A96F2}.Release|Any CPU.Build.0 = Release|Any CPU
	EndGlobalSection
	GlobalSection(NestedProjects) = preSolution
		{F75CBB1D-94AF-4AC3-AEB3-52966D00FE41} = {9372773D-3D23-4230-9A21-9E815157A0C9}
		{86F82E88-4C25-43A7-969E-F979163A96F2} = {9372773D-3D23-4230-9A21-9E815157A0C9}
	EndGlobalSection
EndGlobal
